// !$*UTF8*$!
{
	archiveVersion = 1;
	classes = {
	};
	objectVersion = 46;
	objects = {

/* Begin PBXBuildFile section */
		202F3F6D1DB83B0F00D3F1CB /* TaskListTableViewController.swift in Sources */ = {isa = PBXBuildFile; fileRef = 202F3F6C1DB83B0F00D3F1CB /* TaskListTableViewController.swift */; };
		203959881DCD177B007554CD /* data.plist in Resources */ = {isa = PBXBuildFile; fileRef = 203959871DCD177B007554CD /* data.plist */; };
		2039598E1DCD366F007554CD /* AllTasksStore.swift in Sources */ = {isa = PBXBuildFile; fileRef = 2039598D1DCD366F007554CD /* AllTasksStore.swift */; };
		206575751DC018770071E227 /* AllTasks.swift in Sources */ = {isa = PBXBuildFile; fileRef = 206575741DC018770071E227 /* AllTasks.swift */; };
		206575771DC02C2E0071E227 /* PracticeViewController.swift in Sources */ = {isa = PBXBuildFile; fileRef = 206575761DC02C2E0071E227 /* PracticeViewController.swift */; };
		209B49881D6954F1006927EA /* AppDelegate.swift in Sources */ = {isa = PBXBuildFile; fileRef = 209B49871D6954F1006927EA /* AppDelegate.swift */; };
		209B498D1D6954F1006927EA /* Main.storyboard in Resources */ = {isa = PBXBuildFile; fileRef = 209B498B1D6954F1006927EA /* Main.storyboard */; };
		209B498F1D6954F1006927EA /* Assets.xcassets in Resources */ = {isa = PBXBuildFile; fileRef = 209B498E1D6954F1006927EA /* Assets.xcassets */; };
		209B49921D6954F1006927EA /* LaunchScreen.storyboard in Resources */ = {isa = PBXBuildFile; fileRef = 209B49901D6954F1006927EA /* LaunchScreen.storyboard */; };
		209B499D1D6954F2006927EA /* iPracticeTests.swift in Sources */ = {isa = PBXBuildFile; fileRef = 209B499C1D6954F2006927EA /* iPracticeTests.swift */; };
		209B49A81D6954F2006927EA /* iPracticeUITests.swift in Sources */ = {isa = PBXBuildFile; fileRef = 209B49A71D6954F2006927EA /* iPracticeUITests.swift */; };
		20A9E3041DE4EB34007B7738 /* ActivityViewController.swift in Sources */ = {isa = PBXBuildFile; fileRef = 20A9E3031DE4EB34007B7738 /* ActivityViewController.swift */; };
		20B71B3C1DB87E81003ED640 /* AddTaskViewController.swift in Sources */ = {isa = PBXBuildFile; fileRef = 20B71B3B1DB87E81003ED640 /* AddTaskViewController.swift */; };
		392729EEB865EE482B243217 /* Pods_iPractice.framework in Frameworks */ = {isa = PBXBuildFile; fileRef = 0D355C8F7B7F43381DAF788A /* Pods_iPractice.framework */; };
		546E63E8FE9204DCA06B16CB /* libPods-iPracticeTests.a in Frameworks */ = {isa = PBXBuildFile; fileRef = 8819E1713B75BC1E3CA57910 /* libPods-iPracticeTests.a */; };
		B3413EB5A2A20BABC8374557 /* libPods-iPracticeUITests.a in Frameworks */ = {isa = PBXBuildFile; fileRef = E0EDC0D1A7AD73C764AAC6F9 /* libPods-iPracticeUITests.a */; };
/* End PBXBuildFile section */

/* Begin PBXContainerItemProxy section */
		209B49991D6954F1006927EA /* PBXContainerItemProxy */ = {
			isa = PBXContainerItemProxy;
			containerPortal = 209B497C1D6954F0006927EA /* Project object */;
			proxyType = 1;
			remoteGlobalIDString = 209B49831D6954F1006927EA;
			remoteInfo = iPractice;
		};
		209B49A41D6954F2006927EA /* PBXContainerItemProxy */ = {
			isa = PBXContainerItemProxy;
			containerPortal = 209B497C1D6954F0006927EA /* Project object */;
			proxyType = 1;
			remoteGlobalIDString = 209B49831D6954F1006927EA;
			remoteInfo = iPractice;
		};
/* End PBXContainerItemProxy section */

/* Begin PBXFileReference section */
		0D355C8F7B7F43381DAF788A /* Pods_iPractice.framework */ = {isa = PBXFileReference; explicitFileType = wrapper.framework; includeInIndex = 0; path = Pods_iPractice.framework; sourceTree = BUILT_PRODUCTS_DIR; };
		0D89CB3F01EEC6E32F928F27 /* Pods-iPracticeUITests.release.xcconfig */ = {isa = PBXFileReference; includeInIndex = 1; lastKnownFileType = text.xcconfig; name = "Pods-iPracticeUITests.release.xcconfig"; path = "Pods/Target Support Files/Pods-iPracticeUITests/Pods-iPracticeUITests.release.xcconfig"; sourceTree = "<group>"; };
		202F3F6C1DB83B0F00D3F1CB /* TaskListTableViewController.swift */ = {isa = PBXFileReference; fileEncoding = 4; lastKnownFileType = sourcecode.swift; path = TaskListTableViewController.swift; sourceTree = "<group>"; };
		203959871DCD177B007554CD /* data.plist */ = {isa = PBXFileReference; fileEncoding = 4; lastKnownFileType = text.plist.xml; path = data.plist; sourceTree = "<group>"; };
		2039598D1DCD366F007554CD /* AllTasksStore.swift */ = {isa = PBXFileReference; fileEncoding = 4; lastKnownFileType = sourcecode.swift; path = AllTasksStore.swift; sourceTree = "<group>"; };
		206575741DC018770071E227 /* AllTasks.swift */ = {isa = PBXFileReference; fileEncoding = 4; lastKnownFileType = sourcecode.swift; path = AllTasks.swift; sourceTree = "<group>"; };
		206575761DC02C2E0071E227 /* PracticeViewController.swift */ = {isa = PBXFileReference; fileEncoding = 4; lastKnownFileType = sourcecode.swift; path = PracticeViewController.swift; sourceTree = "<group>"; };
		209B49841D6954F1006927EA /* iPractice.app */ = {isa = PBXFileReference; explicitFileType = wrapper.application; includeInIndex = 0; path = iPractice.app; sourceTree = BUILT_PRODUCTS_DIR; };
		209B49871D6954F1006927EA /* AppDelegate.swift */ = {isa = PBXFileReference; lastKnownFileType = sourcecode.swift; path = AppDelegate.swift; sourceTree = "<group>"; };
		209B498C1D6954F1006927EA /* Base */ = {isa = PBXFileReference; lastKnownFileType = file.storyboard; name = Base; path = Base.lproj/Main.storyboard; sourceTree = "<group>"; };
		209B498E1D6954F1006927EA /* Assets.xcassets */ = {isa = PBXFileReference; lastKnownFileType = folder.assetcatalog; path = Assets.xcassets; sourceTree = "<group>"; };
		209B49911D6954F1006927EA /* Base */ = {isa = PBXFileReference; lastKnownFileType = file.storyboard; name = Base; path = Base.lproj/LaunchScreen.storyboard; sourceTree = "<group>"; };
		209B49931D6954F1006927EA /* Info.plist */ = {isa = PBXFileReference; lastKnownFileType = text.plist.xml; path = Info.plist; sourceTree = "<group>"; };
		209B49981D6954F1006927EA /* iPracticeTests.xctest */ = {isa = PBXFileReference; explicitFileType = wrapper.cfbundle; includeInIndex = 0; path = iPracticeTests.xctest; sourceTree = BUILT_PRODUCTS_DIR; };
		209B499C1D6954F2006927EA /* iPracticeTests.swift */ = {isa = PBXFileReference; lastKnownFileType = sourcecode.swift; path = iPracticeTests.swift; sourceTree = "<group>"; };
		209B499E1D6954F2006927EA /* Info.plist */ = {isa = PBXFileReference; lastKnownFileType = text.plist.xml; path = Info.plist; sourceTree = "<group>"; };
		209B49A31D6954F2006927EA /* iPracticeUITests.xctest */ = {isa = PBXFileReference; explicitFileType = wrapper.cfbundle; includeInIndex = 0; path = iPracticeUITests.xctest; sourceTree = BUILT_PRODUCTS_DIR; };
		209B49A71D6954F2006927EA /* iPracticeUITests.swift */ = {isa = PBXFileReference; lastKnownFileType = sourcecode.swift; path = iPracticeUITests.swift; sourceTree = "<group>"; };
		209B49A91D6954F2006927EA /* Info.plist */ = {isa = PBXFileReference; lastKnownFileType = text.plist.xml; path = Info.plist; sourceTree = "<group>"; };
		20A9E3021DE4C2B9007B7738 /* iPractice_Bridging_Header.h */ = {isa = PBXFileReference; lastKnownFileType = sourcecode.c.h; path = iPractice_Bridging_Header.h; sourceTree = "<group>"; };
		20A9E3031DE4EB34007B7738 /* ActivityViewController.swift */ = {isa = PBXFileReference; fileEncoding = 4; lastKnownFileType = sourcecode.swift; path = ActivityViewController.swift; sourceTree = "<group>"; };
		20B71B3B1DB87E81003ED640 /* AddTaskViewController.swift */ = {isa = PBXFileReference; fileEncoding = 4; lastKnownFileType = sourcecode.swift; path = AddTaskViewController.swift; sourceTree = "<group>"; };
		807B620DDDFF8C296D09BC82 /* Pods-iPracticeTests.debug.xcconfig */ = {isa = PBXFileReference; includeInIndex = 1; lastKnownFileType = text.xcconfig; name = "Pods-iPracticeTests.debug.xcconfig"; path = "Pods/Target Support Files/Pods-iPracticeTests/Pods-iPracticeTests.debug.xcconfig"; sourceTree = "<group>"; };
		8819E1713B75BC1E3CA57910 /* libPods-iPracticeTests.a */ = {isa = PBXFileReference; explicitFileType = archive.ar; includeInIndex = 0; path = "libPods-iPracticeTests.a"; sourceTree = BUILT_PRODUCTS_DIR; };
		B4C5C158E1DF32302988280C /* Pods-iPractice.release.xcconfig */ = {isa = PBXFileReference; includeInIndex = 1; lastKnownFileType = text.xcconfig; name = "Pods-iPractice.release.xcconfig"; path = "Pods/Target Support Files/Pods-iPractice/Pods-iPractice.release.xcconfig"; sourceTree = "<group>"; };
		D335EB171D14998C3F6C63D9 /* Pods-iPracticeTests.release.xcconfig */ = {isa = PBXFileReference; includeInIndex = 1; lastKnownFileType = text.xcconfig; name = "Pods-iPracticeTests.release.xcconfig"; path = "Pods/Target Support Files/Pods-iPracticeTests/Pods-iPracticeTests.release.xcconfig"; sourceTree = "<group>"; };
		D5F42282EC3751ADA6AACA93 /* Pods-iPractice.debug.xcconfig */ = {isa = PBXFileReference; includeInIndex = 1; lastKnownFileType = text.xcconfig; name = "Pods-iPractice.debug.xcconfig"; path = "Pods/Target Support Files/Pods-iPractice/Pods-iPractice.debug.xcconfig"; sourceTree = "<group>"; };
		DB873477668A02C9324175D3 /* Pods-iPracticeUITests.debug.xcconfig */ = {isa = PBXFileReference; includeInIndex = 1; lastKnownFileType = text.xcconfig; name = "Pods-iPracticeUITests.debug.xcconfig"; path = "Pods/Target Support Files/Pods-iPracticeUITests/Pods-iPracticeUITests.debug.xcconfig"; sourceTree = "<group>"; };
		E0EDC0D1A7AD73C764AAC6F9 /* libPods-iPracticeUITests.a */ = {isa = PBXFileReference; explicitFileType = archive.ar; includeInIndex = 0; path = "libPods-iPracticeUITests.a"; sourceTree = BUILT_PRODUCTS_DIR; };
/* End PBXFileReference section */

/* Begin PBXFrameworksBuildPhase section */
		209B49811D6954F1006927EA /* Frameworks */ = {
			isa = PBXFrameworksBuildPhase;
			buildActionMask = 2147483647;
			files = (
				392729EEB865EE482B243217 /* Pods_iPractice.framework in Frameworks */,
			);
			runOnlyForDeploymentPostprocessing = 0;
		};
		209B49951D6954F1006927EA /* Frameworks */ = {
			isa = PBXFrameworksBuildPhase;
			buildActionMask = 2147483647;
			files = (
				546E63E8FE9204DCA06B16CB /* libPods-iPracticeTests.a in Frameworks */,
			);
			runOnlyForDeploymentPostprocessing = 0;
		};
		209B49A01D6954F2006927EA /* Frameworks */ = {
			isa = PBXFrameworksBuildPhase;
			buildActionMask = 2147483647;
			files = (
				B3413EB5A2A20BABC8374557 /* libPods-iPracticeUITests.a in Frameworks */,
			);
			runOnlyForDeploymentPostprocessing = 0;
		};
/* End PBXFrameworksBuildPhase section */

/* Begin PBXGroup section */
		209B497B1D6954F0006927EA = {
			isa = PBXGroup;
			children = (
				209B49861D6954F1006927EA /* iPractice */,
				209B499B1D6954F1006927EA /* iPracticeTests */,
				209B49A61D6954F2006927EA /* iPracticeUITests */,
				209B49851D6954F1006927EA /* Products */,
				E9B916E7054F19E8CBA06D31 /* Pods */,
				59E8A8EE23675844FA1F244C /* Frameworks */,
			);
			sourceTree = "<group>";
		};
		209B49851D6954F1006927EA /* Products */ = {
			isa = PBXGroup;
			children = (
				209B49841D6954F1006927EA /* iPractice.app */,
				209B49981D6954F1006927EA /* iPracticeTests.xctest */,
				209B49A31D6954F2006927EA /* iPracticeUITests.xctest */,
			);
			name = Products;
			sourceTree = "<group>";
		};
		209B49861D6954F1006927EA /* iPractice */ = {
			isa = PBXGroup;
			children = (
				209B49871D6954F1006927EA /* AppDelegate.swift */,
				203959871DCD177B007554CD /* data.plist */,
				206575761DC02C2E0071E227 /* PracticeViewController.swift */,
				202F3F6C1DB83B0F00D3F1CB /* TaskListTableViewController.swift */,
				20B71B3B1DB87E81003ED640 /* AddTaskViewController.swift */,
				20A9E3031DE4EB34007B7738 /* ActivityViewController.swift */,
				2039598D1DCD366F007554CD /* AllTasksStore.swift */,
				20A9E3021DE4C2B9007B7738 /* iPractice_Bridging_Header.h */,
				206575741DC018770071E227 /* AllTasks.swift */,
				209B498B1D6954F1006927EA /* Main.storyboard */,
				209B498E1D6954F1006927EA /* Assets.xcassets */,
				209B49901D6954F1006927EA /* LaunchScreen.storyboard */,
				209B49931D6954F1006927EA /* Info.plist */,
			);
			path = iPractice;
			sourceTree = "<group>";
		};
		209B499B1D6954F1006927EA /* iPracticeTests */ = {
			isa = PBXGroup;
			children = (
				209B499C1D6954F2006927EA /* iPracticeTests.swift */,
				209B499E1D6954F2006927EA /* Info.plist */,
			);
			path = iPracticeTests;
			sourceTree = "<group>";
		};
		209B49A61D6954F2006927EA /* iPracticeUITests */ = {
			isa = PBXGroup;
			children = (
				209B49A71D6954F2006927EA /* iPracticeUITests.swift */,
				209B49A91D6954F2006927EA /* Info.plist */,
			);
			path = iPracticeUITests;
			sourceTree = "<group>";
		};
		59E8A8EE23675844FA1F244C /* Frameworks */ = {
			isa = PBXGroup;
			children = (
				0D355C8F7B7F43381DAF788A /* Pods_iPractice.framework */,
				8819E1713B75BC1E3CA57910 /* libPods-iPracticeTests.a */,
				E0EDC0D1A7AD73C764AAC6F9 /* libPods-iPracticeUITests.a */,
			);
			name = Frameworks;
			sourceTree = "<group>";
		};
		E9B916E7054F19E8CBA06D31 /* Pods */ = {
			isa = PBXGroup;
			children = (
				D5F42282EC3751ADA6AACA93 /* Pods-iPractice.debug.xcconfig */,
				B4C5C158E1DF32302988280C /* Pods-iPractice.release.xcconfig */,
				807B620DDDFF8C296D09BC82 /* Pods-iPracticeTests.debug.xcconfig */,
				D335EB171D14998C3F6C63D9 /* Pods-iPracticeTests.release.xcconfig */,
				DB873477668A02C9324175D3 /* Pods-iPracticeUITests.debug.xcconfig */,
				0D89CB3F01EEC6E32F928F27 /* Pods-iPracticeUITests.release.xcconfig */,
			);
			name = Pods;
			sourceTree = "<group>";
		};
/* End PBXGroup section */

/* Begin PBXNativeTarget section */
		209B49831D6954F1006927EA /* iPractice */ = {
			isa = PBXNativeTarget;
			buildConfigurationList = 209B49AC1D6954F2006927EA /* Build configuration list for PBXNativeTarget "iPractice" */;
			buildPhases = (
				798D3822BD3369CEF265ADC2 /* [CP] Check Pods Manifest.lock */,
				209B49801D6954F1006927EA /* Sources */,
				209B49811D6954F1006927EA /* Frameworks */,
				209B49821D6954F1006927EA /* Resources */,
				CE1EA5A59ECC5A936D1E165C /* [CP] Embed Pods Frameworks */,
				733FE77BE1A2AFE1B6375EA1 /* [CP] Copy Pods Resources */,
			);
			buildRules = (
			);
			dependencies = (
			);
			name = iPractice;
			productName = iPractice;
			productReference = 209B49841D6954F1006927EA /* iPractice.app */;
			productType = "com.apple.product-type.application";
		};
		209B49971D6954F1006927EA /* iPracticeTests */ = {
			isa = PBXNativeTarget;
			buildConfigurationList = 209B49AF1D6954F2006927EA /* Build configuration list for PBXNativeTarget "iPracticeTests" */;
			buildPhases = (
				9BBAD06A3D3B5FBB1F4BE11A /* [CP] Check Pods Manifest.lock */,
				209B49941D6954F1006927EA /* Sources */,
				209B49951D6954F1006927EA /* Frameworks */,
				209B49961D6954F1006927EA /* Resources */,
				237989E1D20BD822BF0B71EF /* [CP] Embed Pods Frameworks */,
				0DFC5322DD00D47D0C67B87B /* [CP] Copy Pods Resources */,
			);
			buildRules = (
			);
			dependencies = (
				209B499A1D6954F1006927EA /* PBXTargetDependency */,
			);
			name = iPracticeTests;
			productName = iPracticeTests;
			productReference = 209B49981D6954F1006927EA /* iPracticeTests.xctest */;
			productType = "com.apple.product-type.bundle.unit-test";
		};
		209B49A21D6954F2006927EA /* iPracticeUITests */ = {
			isa = PBXNativeTarget;
			buildConfigurationList = 209B49B21D6954F2006927EA /* Build configuration list for PBXNativeTarget "iPracticeUITests" */;
			buildPhases = (
				A3FC5F1AF404F9CCFEA475AD /* [CP] Check Pods Manifest.lock */,
				209B499F1D6954F2006927EA /* Sources */,
				209B49A01D6954F2006927EA /* Frameworks */,
				209B49A11D6954F2006927EA /* Resources */,
				E30729B7371F742FA20D33EF /* [CP] Copy Pods Resources */,
			);
			buildRules = (
			);
			dependencies = (
				209B49A51D6954F2006927EA /* PBXTargetDependency */,
			);
			name = iPracticeUITests;
			productName = iPracticeUITests;
			productReference = 209B49A31D6954F2006927EA /* iPracticeUITests.xctest */;
			productType = "com.apple.product-type.bundle.ui-testing";
		};
/* End PBXNativeTarget section */

/* Begin PBXProject section */
		209B497C1D6954F0006927EA /* Project object */ = {
			isa = PBXProject;
			attributes = {
				LastSwiftUpdateCheck = 0800;
				LastUpgradeCheck = 0810;
				ORGANIZATIONNAME = "Nikolett Pankovits";
				TargetAttributes = {
					209B49831D6954F1006927EA = {
						CreatedOnToolsVersion = 8.0;
						LastSwiftMigration = 0810;
						ProvisioningStyle = Automatic;
					};
					209B49971D6954F1006927EA = {
						CreatedOnToolsVersion = 8.0;
						LastSwiftMigration = 0810;
						ProvisioningStyle = Automatic;
						TestTargetID = 209B49831D6954F1006927EA;
					};
					209B49A21D6954F2006927EA = {
						CreatedOnToolsVersion = 8.0;
						LastSwiftMigration = 0810;
						ProvisioningStyle = Automatic;
						TestTargetID = 209B49831D6954F1006927EA;
					};
				};
			};
			buildConfigurationList = 209B497F1D6954F0006927EA /* Build configuration list for PBXProject "iPractice" */;
			compatibilityVersion = "Xcode 3.2";
			developmentRegion = English;
			hasScannedForEncodings = 0;
			knownRegions = (
				en,
				Base,
			);
			mainGroup = 209B497B1D6954F0006927EA;
			productRefGroup = 209B49851D6954F1006927EA /* Products */;
			projectDirPath = "";
			projectRoot = "";
			targets = (
				209B49831D6954F1006927EA /* iPractice */,
				209B49971D6954F1006927EA /* iPracticeTests */,
				209B49A21D6954F2006927EA /* iPracticeUITests */,
			);
		};
/* End PBXProject section */

/* Begin PBXResourcesBuildPhase section */
		209B49821D6954F1006927EA /* Resources */ = {
			isa = PBXResourcesBuildPhase;
			buildActionMask = 2147483647;
			files = (
				209B49921D6954F1006927EA /* LaunchScreen.storyboard in Resources */,
				203959881DCD177B007554CD /* data.plist in Resources */,
				209B498F1D6954F1006927EA /* Assets.xcassets in Resources */,
				209B498D1D6954F1006927EA /* Main.storyboard in Resources */,
			);
			runOnlyForDeploymentPostprocessing = 0;
		};
		209B49961D6954F1006927EA /* Resources */ = {
			isa = PBXResourcesBuildPhase;
			buildActionMask = 2147483647;
			files = (
			);
			runOnlyForDeploymentPostprocessing = 0;
		};
		209B49A11D6954F2006927EA /* Resources */ = {
			isa = PBXResourcesBuildPhase;
			buildActionMask = 2147483647;
			files = (
			);
			runOnlyForDeploymentPostprocessing = 0;
		};
/* End PBXResourcesBuildPhase section */

/* Begin PBXShellScriptBuildPhase section */
		0DFC5322DD00D47D0C67B87B /* [CP] Copy Pods Resources */ = {
			isa = PBXShellScriptBuildPhase;
			buildActionMask = 2147483647;
			files = (
			);
			inputPaths = (
			);
			name = "[CP] Copy Pods Resources";
			outputPaths = (
			);
			runOnlyForDeploymentPostprocessing = 0;
			shellPath = /bin/sh;
			shellScript = "\"${SRCROOT}/Pods/Target Support Files/Pods-iPracticeTests/Pods-iPracticeTests-resources.sh\"\n";
			showEnvVarsInLog = 0;
		};
		237989E1D20BD822BF0B71EF /* [CP] Embed Pods Frameworks */ = {
			isa = PBXShellScriptBuildPhase;
			buildActionMask = 2147483647;
			files = (
			);
			inputPaths = (
			);
			name = "[CP] Embed Pods Frameworks";
			outputPaths = (
			);
			runOnlyForDeploymentPostprocessing = 0;
			shellPath = /bin/sh;
			shellScript = "\"${SRCROOT}/Pods/Target Support Files/Pods-iPracticeTests/Pods-iPracticeTests-frameworks.sh\"\n";
			showEnvVarsInLog = 0;
		};
		733FE77BE1A2AFE1B6375EA1 /* [CP] Copy Pods Resources */ = {
			isa = PBXShellScriptBuildPhase;
			buildActionMask = 2147483647;
			files = (
			);
			inputPaths = (
			);
			name = "[CP] Copy Pods Resources";
			outputPaths = (
			);
			runOnlyForDeploymentPostprocessing = 0;
			shellPath = /bin/sh;
			shellScript = "\"${SRCROOT}/Pods/Target Support Files/Pods-iPractice/Pods-iPractice-resources.sh\"\n";
			showEnvVarsInLog = 0;
		};
		798D3822BD3369CEF265ADC2 /* [CP] Check Pods Manifest.lock */ = {
			isa = PBXShellScriptBuildPhase;
			buildActionMask = 2147483647;
			files = (
			);
			inputPaths = (
			);
			name = "[CP] Check Pods Manifest.lock";
			outputPaths = (
			);
			runOnlyForDeploymentPostprocessing = 0;
			shellPath = /bin/sh;
			shellScript = "diff \"${PODS_ROOT}/../Podfile.lock\" \"${PODS_ROOT}/Manifest.lock\" > /dev/null\nif [[ $? != 0 ]] ; then\n    cat << EOM\nerror: The sandbox is not in sync with the Podfile.lock. Run 'pod install' or update your CocoaPods installation.\nEOM\n    exit 1\nfi\n";
			showEnvVarsInLog = 0;
		};
		9BBAD06A3D3B5FBB1F4BE11A /* [CP] Check Pods Manifest.lock */ = {
			isa = PBXShellScriptBuildPhase;
			buildActionMask = 2147483647;
			files = (
			);
			inputPaths = (
			);
			name = "[CP] Check Pods Manifest.lock";
			outputPaths = (
			);
			runOnlyForDeploymentPostprocessing = 0;
			shellPath = /bin/sh;
			shellScript = "diff \"${PODS_ROOT}/../Podfile.lock\" \"${PODS_ROOT}/Manifest.lock\" > /dev/null\nif [[ $? != 0 ]] ; then\n    cat << EOM\nerror: The sandbox is not in sync with the Podfile.lock. Run 'pod install' or update your CocoaPods installation.\nEOM\n    exit 1\nfi\n";
			showEnvVarsInLog = 0;
		};
		A3FC5F1AF404F9CCFEA475AD /* [CP] Check Pods Manifest.lock */ = {
			isa = PBXShellScriptBuildPhase;
			buildActionMask = 2147483647;
			files = (
			);
			inputPaths = (
			);
			name = "[CP] Check Pods Manifest.lock";
			outputPaths = (
			);
			runOnlyForDeploymentPostprocessing = 0;
			shellPath = /bin/sh;
			shellScript = "diff \"${PODS_ROOT}/../Podfile.lock\" \"${PODS_ROOT}/Manifest.lock\" > /dev/null\nif [[ $? != 0 ]] ; then\n    cat << EOM\nerror: The sandbox is not in sync with the Podfile.lock. Run 'pod install' or update your CocoaPods installation.\nEOM\n    exit 1\nfi\n";
			showEnvVarsInLog = 0;
		};
		CE1EA5A59ECC5A936D1E165C /* [CP] Embed Pods Frameworks */ = {
			isa = PBXShellScriptBuildPhase;
			buildActionMask = 2147483647;
			files = (
			);
			inputPaths = (
			);
			name = "[CP] Embed Pods Frameworks";
			outputPaths = (
			);
			runOnlyForDeploymentPostprocessing = 0;
			shellPath = /bin/sh;
			shellScript = "\"${SRCROOT}/Pods/Target Support Files/Pods-iPractice/Pods-iPractice-frameworks.sh\"\n";
			showEnvVarsInLog = 0;
		};
		E30729B7371F742FA20D33EF /* [CP] Copy Pods Resources */ = {
			isa = PBXShellScriptBuildPhase;
			buildActionMask = 2147483647;
			files = (
			);
			inputPaths = (
			);
			name = "[CP] Copy Pods Resources";
			outputPaths = (
			);
			runOnlyForDeploymentPostprocessing = 0;
			shellPath = /bin/sh;
			shellScript = "\"${SRCROOT}/Pods/Target Support Files/Pods-iPracticeUITests/Pods-iPracticeUITests-resources.sh\"\n";
			showEnvVarsInLog = 0;
		};
/* End PBXShellScriptBuildPhase section */

/* Begin PBXSourcesBuildPhase section */
		209B49801D6954F1006927EA /* Sources */ = {
			isa = PBXSourcesBuildPhase;
			buildActionMask = 2147483647;
			files = (
				202F3F6D1DB83B0F00D3F1CB /* TaskListTableViewController.swift in Sources */,
				206575751DC018770071E227 /* AllTasks.swift in Sources */,
				209B49881D6954F1006927EA /* AppDelegate.swift in Sources */,
				20A9E3041DE4EB34007B7738 /* ActivityViewController.swift in Sources */,
				206575771DC02C2E0071E227 /* PracticeViewController.swift in Sources */,
				2039598E1DCD366F007554CD /* AllTasksStore.swift in Sources */,
				20B71B3C1DB87E81003ED640 /* AddTaskViewController.swift in Sources */,
			);
			runOnlyForDeploymentPostprocessing = 0;
		};
		209B49941D6954F1006927EA /* Sources */ = {
			isa = PBXSourcesBuildPhase;
			buildActionMask = 2147483647;
			files = (
				209B499D1D6954F2006927EA /* iPracticeTests.swift in Sources */,
			);
			runOnlyForDeploymentPostprocessing = 0;
		};
		209B499F1D6954F2006927EA /* Sources */ = {
			isa = PBXSourcesBuildPhase;
			buildActionMask = 2147483647;
			files = (
				209B49A81D6954F2006927EA /* iPracticeUITests.swift in Sources */,
			);
			runOnlyForDeploymentPostprocessing = 0;
		};
/* End PBXSourcesBuildPhase section */

/* Begin PBXTargetDependency section */
		209B499A1D6954F1006927EA /* PBXTargetDependency */ = {
			isa = PBXTargetDependency;
			target = 209B49831D6954F1006927EA /* iPractice */;
			targetProxy = 209B49991D6954F1006927EA /* PBXContainerItemProxy */;
		};
		209B49A51D6954F2006927EA /* PBXTargetDependency */ = {
			isa = PBXTargetDependency;
			target = 209B49831D6954F1006927EA /* iPractice */;
			targetProxy = 209B49A41D6954F2006927EA /* PBXContainerItemProxy */;
		};
/* End PBXTargetDependency section */

/* Begin PBXVariantGroup section */
		209B498B1D6954F1006927EA /* Main.storyboard */ = {
			isa = PBXVariantGroup;
			children = (
				209B498C1D6954F1006927EA /* Base */,
			);
			name = Main.storyboard;
			sourceTree = "<group>";
		};
		209B49901D6954F1006927EA /* LaunchScreen.storyboard */ = {
			isa = PBXVariantGroup;
			children = (
				209B49911D6954F1006927EA /* Base */,
			);
			name = LaunchScreen.storyboard;
			sourceTree = "<group>";
		};
/* End PBXVariantGroup section */

/* Begin XCBuildConfiguration section */
		209B49AA1D6954F2006927EA /* Debug */ = {
			isa = XCBuildConfiguration;
			buildSettings = {
				ALWAYS_SEARCH_USER_PATHS = NO;
				CLANG_ANALYZER_NONNULL = YES;
				CLANG_CXX_LANGUAGE_STANDARD = "gnu++0x";
				CLANG_CXX_LIBRARY = "libc++";
				CLANG_ENABLE_MODULES = YES;
				CLANG_ENABLE_OBJC_ARC = YES;
				CLANG_WARN_BOOL_CONVERSION = YES;
				CLANG_WARN_CONSTANT_CONVERSION = YES;
				CLANG_WARN_DIRECT_OBJC_ISA_USAGE = YES_ERROR;
				CLANG_WARN_DOCUMENTATION_COMMENTS = YES;
				CLANG_WARN_EMPTY_BODY = YES;
				CLANG_WARN_ENUM_CONVERSION = YES;
				CLANG_WARN_INFINITE_RECURSION = YES;
				CLANG_WARN_INT_CONVERSION = YES;
				CLANG_WARN_OBJC_ROOT_CLASS = YES_ERROR;
				CLANG_WARN_SUSPICIOUS_MOVE = YES;
				CLANG_WARN_SUSPICIOUS_MOVES = YES;
				CLANG_WARN_UNREACHABLE_CODE = YES;
				CLANG_WARN__DUPLICATE_METHOD_MATCH = YES;
				"CODE_SIGN_IDENTITY[sdk=iphoneos*]" = "iPhone Developer";
				COPY_PHASE_STRIP = NO;
				DEBUG_INFORMATION_FORMAT = dwarf;
				ENABLE_STRICT_OBJC_MSGSEND = YES;
				ENABLE_TESTABILITY = YES;
				GCC_C_LANGUAGE_STANDARD = gnu99;
				GCC_DYNAMIC_NO_PIC = NO;
				GCC_NO_COMMON_BLOCKS = YES;
				GCC_OPTIMIZATION_LEVEL = 0;
				GCC_PREPROCESSOR_DEFINITIONS = (
					"DEBUG=1",
					"$(inherited)",
				);
				GCC_WARN_64_TO_32_BIT_CONVERSION = YES;
				GCC_WARN_ABOUT_RETURN_TYPE = YES_ERROR;
				GCC_WARN_UNDECLARED_SELECTOR = YES;
				GCC_WARN_UNINITIALIZED_AUTOS = YES_AGGRESSIVE;
				GCC_WARN_UNUSED_FUNCTION = YES;
				GCC_WARN_UNUSED_VARIABLE = YES;
				IPHONEOS_DEPLOYMENT_TARGET = 10.0;
				MTL_ENABLE_DEBUG_INFO = YES;
				ONLY_ACTIVE_ARCH = YES;
				SDKROOT = iphoneos;
				SWIFT_ACTIVE_COMPILATION_CONDITIONS = DEBUG;
				SWIFT_OPTIMIZATION_LEVEL = "-Onone";
				TARGETED_DEVICE_FAMILY = "1,2";
			};
			name = Debug;
		};
		209B49AB1D6954F2006927EA /* Release */ = {
			isa = XCBuildConfiguration;
			buildSettings = {
				ALWAYS_SEARCH_USER_PATHS = NO;
				CLANG_ANALYZER_NONNULL = YES;
				CLANG_CXX_LANGUAGE_STANDARD = "gnu++0x";
				CLANG_CXX_LIBRARY = "libc++";
				CLANG_ENABLE_MODULES = YES;
				CLANG_ENABLE_OBJC_ARC = YES;
				CLANG_WARN_BOOL_CONVERSION = YES;
				CLANG_WARN_CONSTANT_CONVERSION = YES;
				CLANG_WARN_DIRECT_OBJC_ISA_USAGE = YES_ERROR;
				CLANG_WARN_DOCUMENTATION_COMMENTS = YES;
				CLANG_WARN_EMPTY_BODY = YES;
				CLANG_WARN_ENUM_CONVERSION = YES;
				CLANG_WARN_INFINITE_RECURSION = YES;
				CLANG_WARN_INT_CONVERSION = YES;
				CLANG_WARN_OBJC_ROOT_CLASS = YES_ERROR;
				CLANG_WARN_SUSPICIOUS_MOVE = YES;
				CLANG_WARN_SUSPICIOUS_MOVES = YES;
				CLANG_WARN_UNREACHABLE_CODE = YES;
				CLANG_WARN__DUPLICATE_METHOD_MATCH = YES;
				"CODE_SIGN_IDENTITY[sdk=iphoneos*]" = "iPhone Developer";
				COPY_PHASE_STRIP = NO;
				DEBUG_INFORMATION_FORMAT = "dwarf-with-dsym";
				ENABLE_NS_ASSERTIONS = NO;
				ENABLE_STRICT_OBJC_MSGSEND = YES;
				GCC_C_LANGUAGE_STANDARD = gnu99;
				GCC_NO_COMMON_BLOCKS = YES;
				GCC_WARN_64_TO_32_BIT_CONVERSION = YES;
				GCC_WARN_ABOUT_RETURN_TYPE = YES_ERROR;
				GCC_WARN_UNDECLARED_SELECTOR = YES;
				GCC_WARN_UNINITIALIZED_AUTOS = YES_AGGRESSIVE;
				GCC_WARN_UNUSED_FUNCTION = YES;
				GCC_WARN_UNUSED_VARIABLE = YES;
				IPHONEOS_DEPLOYMENT_TARGET = 10.0;
				MTL_ENABLE_DEBUG_INFO = NO;
				SDKROOT = iphoneos;
				SWIFT_OPTIMIZATION_LEVEL = "-Owholemodule";
				TARGETED_DEVICE_FAMILY = "1,2";
				VALIDATE_PRODUCT = YES;
			};
			name = Release;
		};
		209B49AD1D6954F2006927EA /* Debug */ = {
			isa = XCBuildConfiguration;
			baseConfigurationReference = D5F42282EC3751ADA6AACA93 /* Pods-iPractice.debug.xcconfig */;
			buildSettings = {
				ALWAYS_EMBED_SWIFT_STANDARD_LIBRARIES = YES;
				ASSETCATALOG_COMPILER_APPICON_NAME = AppIcon;
				INFOPLIST_FILE = iPractice/Info.plist;
				LD_RUNPATH_SEARCH_PATHS = "$(inherited) @executable_path/Frameworks";
				PRODUCT_BUNDLE_IDENTIFIER = com.nikolettPankovits.iPractice.iPractice;
				PRODUCT_NAME = "$(TARGET_NAME)";
				SWIFT_OBJC_BRIDGING_HEADER = iPractice/iPractice_Bridging_Header.h;
				SWIFT_VERSION = 3.0;
			};
			name = Debug;
		};
		209B49AE1D6954F2006927EA /* Release */ = {
			isa = XCBuildConfiguration;
			baseConfigurationReference = B4C5C158E1DF32302988280C /* Pods-iPractice.release.xcconfig */;
			buildSettings = {
				ALWAYS_EMBED_SWIFT_STANDARD_LIBRARIES = YES;
				ASSETCATALOG_COMPILER_APPICON_NAME = AppIcon;
				INFOPLIST_FILE = iPractice/Info.plist;
				LD_RUNPATH_SEARCH_PATHS = "$(inherited) @executable_path/Frameworks";
				PRODUCT_BUNDLE_IDENTIFIER = com.nikolettPankovits.iPractice.iPractice;
				PRODUCT_NAME = "$(TARGET_NAME)";
				SWIFT_OBJC_BRIDGING_HEADER = iPractice/iPractice_Bridging_Header.h;
				SWIFT_VERSION = 3.0;
			};
			name = Release;
		};
		209B49B01D6954F2006927EA /* Debug */ = {
			isa = XCBuildConfiguration;
			baseConfigurationReference = 807B620DDDFF8C296D09BC82 /* Pods-iPracticeTests.debug.xcconfig */;
			buildSettings = {
				ALWAYS_EMBED_SWIFT_STANDARD_LIBRARIES = YES;
				BUNDLE_LOADER = "$(TEST_HOST)";
				INFOPLIST_FILE = iPracticeTests/Info.plist;
				LD_RUNPATH_SEARCH_PATHS = "$(inherited) @executable_path/Frameworks @loader_path/Frameworks";
				PRODUCT_BUNDLE_IDENTIFIER = com.nikolettPankovits.iPractice.iPracticeTests;
				PRODUCT_NAME = "$(TARGET_NAME)";
				SWIFT_VERSION = 3.0;
				TEST_HOST = "$(BUILT_PRODUCTS_DIR)/iPractice.app/iPractice";
			};
			name = Debug;
		};
		209B49B11D6954F2006927EA /* Release */ = {
			isa = XCBuildConfiguration;
			baseConfigurationReference = D335EB171D14998C3F6C63D9 /* Pods-iPracticeTests.release.xcconfig */;
			buildSettings = {
				ALWAYS_EMBED_SWIFT_STANDARD_LIBRARIES = YES;
				BUNDLE_LOADER = "$(TEST_HOST)";
				INFOPLIST_FILE = iPracticeTests/Info.plist;
				LD_RUNPATH_SEARCH_PATHS = "$(inherited) @executable_path/Frameworks @loader_path/Frameworks";
				PRODUCT_BUNDLE_IDENTIFIER = com.nikolettPankovits.iPractice.iPracticeTests;
				PRODUCT_NAME = "$(TARGET_NAME)";
				SWIFT_VERSION = 3.0;
				TEST_HOST = "$(BUILT_PRODUCTS_DIR)/iPractice.app/iPractice";
			};
			name = Release;
		};
		209B49B31D6954F2006927EA /* Debug */ = {
			isa = XCBuildConfiguration;
			baseConfigurationReference = DB873477668A02C9324175D3 /* Pods-iPracticeUITests.debug.xcconfig */;
			buildSettings = {
				ALWAYS_EMBED_SWIFT_STANDARD_LIBRARIES = YES;
				INFOPLIST_FILE = iPracticeUITests/Info.plist;
				LD_RUNPATH_SEARCH_PATHS = "$(inherited) @executable_path/Frameworks @loader_path/Frameworks";
				PRODUCT_BUNDLE_IDENTIFIER = com.nikolettPankovits.iPractice.iPracticeUITests;
				PRODUCT_NAME = "$(TARGET_NAME)";
				SWIFT_VERSION = 3.0;
				TEST_TARGET_NAME = iPractice;
			};
			name = Debug;
		};
		209B49B41D6954F2006927EA /* Release */ = {
			isa = XCBuildConfiguration;
			baseConfigurationReference = 0D89CB3F01EEC6E32F928F27 /* Pods-iPracticeUITests.release.xcconfig */;
			buildSettings = {
				ALWAYS_EMBED_SWIFT_STANDARD_LIBRARIES = YES;
				INFOPLIST_FILE = iPracticeUITests/Info.plist;
				LD_RUNPATH_SEARCH_PATHS = "$(inherited) @executable_path/Frameworks @loader_path/Frameworks";
				PRODUCT_BUNDLE_IDENTIFIER = com.nikolettPankovits.iPractice.iPracticeUITests;
				PRODUCT_NAME = "$(TARGET_NAME)";
				SWIFT_VERSION = 3.0;
				TEST_TARGET_NAME = iPractice;
			};
			name = Release;
		};
/* End XCBuildConfiguration section */

/* Begin XCConfigurationList section */
		209B497F1D6954F0006927EA /* Build configuration list for PBXProject "iPractice" */ = {
			isa = XCConfigurationList;
			buildConfigurations = (
				209B49AA1D6954F2006927EA /* Debug */,
				209B49AB1D6954F2006927EA /* Release */,
			);
			defaultConfigurationIsVisible = 0;
			defaultConfigurationName = Release;
		};
		209B49AC1D6954F2006927EA /* Build configuration list for PBXNativeTarget "iPractice" */ = {
			isa = XCConfigurationList;
			buildConfigurations = (
				209B49AD1D6954F2006927EA /* Debug */,
				209B49AE1D6954F2006927EA /* Release */,
			);
			defaultConfigurationIsVisible = 0;
			defaultConfigurationName = Release;
		};
		209B49AF1D6954F2006927EA /* Build configuration list for PBXNativeTarget "iPracticeTests" */ = {
			isa = XCConfigurationList;
			buildConfigurations = (
				209B49B01D6954F2006927EA /* Debug */,
				209B49B11D6954F2006927EA /* Release */,
			);
			defaultConfigurationIsVisible = 0;
			defaultConfigurationName = Release;
		};
		209B49B21D6954F2006927EA /* Build configuration list for PBXNativeTarget "iPracticeUITests" */ = {
			isa = XCConfigurationList;
			buildConfigurations = (
				209B49B31D6954F2006927EA /* Debug */,
				209B49B41D6954F2006927EA /* Release */,
			);
			defaultConfigurationIsVisible = 0;
			defaultConfigurationName = Release;
		};
/* End XCConfigurationList section */
	};
	rootObject = 209B497C1D6954F0006927EA /* Project object */;
}
